PODS:
  - FlutterMacOS (1.0.0)
  - hybrid_jpeg (0.0.1):
    - FlutterMacOS
  - hybrid_usb (0.0.1):
    - FlutterMacOS
  - hybrid_uvc (0.0.1):
    - FlutterMacOS

DEPENDENCIES:
  - FlutterMacOS (from `Flutter/ephemeral`)
  - hybrid_jpeg (from `Flutter/ephemeral/.symlinks/plugins/hybrid_jpeg/macos`)
  - hybrid_usb (from `Flutter/ephemeral/.symlinks/plugins/hybrid_usb/macos`)
  - hybrid_uvc (from `Flutter/ephemeral/.symlinks/plugins/hybrid_uvc/macos`)

EXTERNAL SOURCES:
  FlutterMacOS:
    :path: Flutter/ephemeral
  hybrid_jpeg:
    :path: Flutter/ephemeral/.symlinks/plugins/hybrid_jpeg/macos
  hybrid_usb:
    :path: Flutter/ephemeral/.symlinks/plugins/hybrid_usb/macos
  hybrid_uvc:
    :path: Flutter/ephemeral/.symlinks/plugins/hybrid_uvc/macos

SPEC CHECKSUMS:
  FlutterMacOS: 8f6f14fa908a6fb3fba0cd85dbd81ec4b251fb24
  hybrid_jpeg: 3d79c155c71c18654f970e6dd22f16f5f1b2db70
  hybrid_usb: 91212668dd685ae2df51106e69fbf748ab0cb528
  hybrid_uvc: 4ed46abb483a08a8f4427006135b7610d4073b5d

PODFILE CHECKSUM: 236401fc2c932af29a9fcf0e97baeeb2d750d367

COCOAPODS: 1.15.2
