PODS:
  - FlutterMacOS (1.0.0)
  - hybrid_os_darwin (0.0.1):
    - Flutter
    - FlutterMacOS
  - objective_c (0.0.1):
    - FlutterMacOS

DEPENDENCIES:
  - FlutterMacOS (from `Flutter/ephemeral`)
  - hybrid_os_darwin (from `Flutter/ephemeral/.symlinks/plugins/hybrid_os_darwin/darwin`)
  - objective_c (from `Flutter/ephemeral/.symlinks/plugins/objective_c/macos`)

EXTERNAL SOURCES:
  FlutterMacOS:
    :path: Flutter/ephemeral
  hybrid_os_darwin:
    :path: Flutter/ephemeral/.symlinks/plugins/hybrid_os_darwin/darwin
  objective_c:
    :path: Flutter/ephemeral/.symlinks/plugins/objective_c/macos

SPEC CHECKSUMS:
  FlutterMacOS: 8f6f14fa908a6fb3fba0cd85dbd81ec4b251fb24
  hybrid_os_darwin: 602dedd1674ec1ab0ffd9f487cac85fc1b67e058
  objective_c: e5f8194456e8fc943e034d1af00510a1bc29c067

PODFILE CHECKSUM: 236401fc2c932af29a9fcf0e97baeeb2d750d367

COCOAPODS: 1.15.2
