PODS:
  - file_selector_macos (0.0.1):
    - FlutterMacOS
  - FlutterMacOS (1.0.0)
  - hybrid_core_darwin (0.0.1):
    - Flutter
    - FlutterMacOS
  - hybrid_vision_darwin (0.0.1):
    - Flutter
    - FlutterMacOS

DEPENDENCIES:
  - file_selector_macos (from `Flutter/ephemeral/.symlinks/plugins/file_selector_macos/macos`)
  - FlutterMacOS (from `Flutter/ephemeral`)
  - hybrid_core_darwin (from `Flutter/ephemeral/.symlinks/plugins/hybrid_core_darwin/darwin`)
  - hybrid_vision_darwin (from `Flutter/ephemeral/.symlinks/plugins/hybrid_vision_darwin/darwin`)

EXTERNAL SOURCES:
  file_selector_macos:
    :path: Flutter/ephemeral/.symlinks/plugins/file_selector_macos/macos
  FlutterMacOS:
    :path: Flutter/ephemeral
  hybrid_core_darwin:
    :path: Flutter/ephemeral/.symlinks/plugins/hybrid_core_darwin/darwin
  hybrid_vision_darwin:
    :path: Flutter/ephemeral/.symlinks/plugins/hybrid_vision_darwin/darwin

SPEC CHECKSUMS:
  file_selector_macos: 468fb6b81fac7c0e88d71317f3eec34c3b008ff9
  FlutterMacOS: 8f6f14fa908a6fb3fba0cd85dbd81ec4b251fb24
  hybrid_core_darwin: 8b7d13d31d0bb08a127e47208f9b290c0ea9f698
  hybrid_vision_darwin: d349b603120fc8f32e7a2ac0ee8917b83602bf17

PODFILE CHECKSUM: 236401fc2c932af29a9fcf0e97baeeb2d750d367

COCOAPODS: 1.15.2
